// !$*UTF8*$!
{
	archiveVersion = 1;
	classes = {
	};
	objectVersion = 48;
	objects = {

/* Begin PBXBuildFile section */
		07249FEEB456F1D46BB4C5EE /* Pods_wallet_ios_coreTests.framework in Frameworks */ = {isa = PBXBuildFile; fileRef = 9C97431875E1515DC8A80E75 /* Pods_wallet_ios_coreTests.framework */; };
		88C04385567FE9A9A6C044CC /* Pods_wallet_ios_core.framework in Frameworks */ = {isa = PBXBuildFile; fileRef = 3564F2C66C64F75D2994D638 /* Pods_wallet_ios_core.framework */; };
		CC4417011FBEAC7F00C4B158 /* WalletModel+BIL.swift in Sources */ = {isa = PBXBuildFile; fileRef = CC4417001FBEAC7F00C4B158 /* WalletModel+BIL.swift */; };
		CC4417031FBEAD8800C4B158 /* BILAESHelper.swift in Sources */ = {isa = PBXBuildFile; fileRef = CC4417021FBEAD8800C4B158 /* BILAESHelper.swift */; };
		CC4417051FBEB25C00C4B158 /* BILControllerManager.swift in Sources */ = {isa = PBXBuildFile; fileRef = CC4417041FBEB25C00C4B158 /* BILControllerManager.swift */; };
		CC4417071FBEB47C00C4B158 /* BILBackupWalletSuccessController.swift in Sources */ = {isa = PBXBuildFile; fileRef = CC4417061FBEB47C00C4B158 /* BILBackupWalletSuccessController.swift */; };
		CC4660491FBE96E600A87132 /* Public.xcassets in Resources */ = {isa = PBXBuildFile; fileRef = CC4660481FBE96E600A87132 /* Public.xcassets */; };
		CC4660531FBEA67600A87132 /* BILCreateWalletSuccessController.swift in Sources */ = {isa = PBXBuildFile; fileRef = CC4660521FBEA67600A87132 /* BILCreateWalletSuccessController.swift */; };
		CC8E4C381FBD8AF40047E8FF /* BILBackupWalletMnemonicController.swift in Sources */ = {isa = PBXBuildFile; fileRef = CC8E4C371FBD8AF40047E8FF /* BILBackupWalletMnemonicController.swift */; };
		CC94E0181FB58CDC0098E730 /* NewWallet.storyboard in Resources */ = {isa = PBXBuildFile; fileRef = CC94E0171FB58CDC0098E730 /* NewWallet.storyboard */; };
		CC94E0451FB9458D0098E730 /* UIViewController+BIL.swift in Sources */ = {isa = PBXBuildFile; fileRef = CC94E0441FB9458D0098E730 /* UIViewController+BIL.swift */; };
		CC94E0471FB946290098E730 /* UIView+BILGradient.swift in Sources */ = {isa = PBXBuildFile; fileRef = CC94E0461FB946290098E730 /* UIView+BILGradient.swift */; };
		CC94E04B1FB946480098E730 /* UIColor+BILHex.swift in Sources */ = {isa = PBXBuildFile; fileRef = CC94E04A1FB946480098E730 /* UIColor+BILHex.swift */; };
		CC94E04D1FB94DAA0098E730 /* BILWelcomeViewController.swift in Sources */ = {isa = PBXBuildFile; fileRef = CC94E04C1FB94DAA0098E730 /* BILWelcomeViewController.swift */; };
		CC94E04F1FB950040098E730 /* BILCreateWalletViewController.swift in Sources */ = {isa = PBXBuildFile; fileRef = CC94E04E1FB950040098E730 /* BILCreateWalletViewController.swift */; };
		CC94E0511FB9824B0098E730 /* ASKPlaceHolderColorTextField.swift in Sources */ = {isa = PBXBuildFile; fileRef = CC94E0501FB9824B0098E730 /* ASKPlaceHolderColorTextField.swift */; };
		CC94E0531FB984630098E730 /* BILGradientButton.swift in Sources */ = {isa = PBXBuildFile; fileRef = CC94E0521FB984630098E730 /* BILGradientButton.swift */; };
		CC94E0551FB9911E0098E730 /* BILCreateWalletSucessView.swift in Sources */ = {isa = PBXBuildFile; fileRef = CC94E0541FB9911E0098E730 /* BILCreateWalletSucessView.swift */; };
		CC94E0571FB998A20098E730 /* BILPasswordStrengthView.swift in Sources */ = {isa = PBXBuildFile; fileRef = CC94E0561FB998A20098E730 /* BILPasswordStrengthView.swift */; };
		CC94E0591FBA99160098E730 /* BILInputView.swift in Sources */ = {isa = PBXBuildFile; fileRef = CC94E0581FBA99160098E730 /* BILInputView.swift */; };
		CC94E05E1FBAC2B20098E730 /* WalletModel.xcdatamodeld in Sources */ = {isa = PBXBuildFile; fileRef = CC94E05C1FBAC2B20098E730 /* WalletModel.xcdatamodeld */; };
		CC94E0961FBAE1A50098E730 /* Data+CKBitArray.swift in Sources */ = {isa = PBXBuildFile; fileRef = CC94E0941FBAE1A40098E730 /* Data+CKBitArray.swift */; };
		CC94E0971FBAE1A50098E730 /* String+MnemonicData.swift in Sources */ = {isa = PBXBuildFile; fileRef = CC94E0951FBAE1A40098E730 /* String+MnemonicData.swift */; };
		CC94E09B1FBBE2310098E730 /* NewWallet.xcassets in Resources */ = {isa = PBXBuildFile; fileRef = CC94E09A1FBBE2300098E730 /* NewWallet.xcassets */; };
		CC94E09D1FBBE6410098E730 /* BILAppStartUpManager.swift in Sources */ = {isa = PBXBuildFile; fileRef = CC94E09C1FBBE6410098E730 /* BILAppStartUpManager.swift */; };
		CC94E09F1FBBEAF10098E730 /* BILSupportedCoinsPopupController.xib in Resources */ = {isa = PBXBuildFile; fileRef = CC94E09E1FBBEAF10098E730 /* BILSupportedCoinsPopupController.xib */; };
		CC94E0B11FBD6E3B0098E730 /* .gitkeep in Resources */ = {isa = PBXBuildFile; fileRef = CC94E0A51FBD6E3B0098E730 /* .gitkeep */; };
		CC94E0B41FBD6E3B0098E730 /* .gitkeep in Resources */ = {isa = PBXBuildFile; fileRef = CC94E0AB1FBD6E3B0098E730 /* .gitkeep */; };
		CC94E0B51FBD6E3B0098E730 /* .gitkeep in Resources */ = {isa = PBXBuildFile; fileRef = CC94E0AD1FBD6E3B0098E730 /* .gitkeep */; };
		CC94E0B81FBD6E620098E730 /* BackupWallet.storyboard in Resources */ = {isa = PBXBuildFile; fileRef = CC94E0B71FBD6E620098E730 /* BackupWallet.storyboard */; };
		CC94E0BA1FBD7FF30098E730 /* BackupWallet.xcassets in Resources */ = {isa = PBXBuildFile; fileRef = CC94E0B91FBD7FF30098E730 /* BackupWallet.xcassets */; };
		CC94E0BF1FBD83E90098E730 /* BILMnemonicView.swift in Sources */ = {isa = PBXBuildFile; fileRef = CC94E0BE1FBD83E90098E730 /* BILMnemonicView.swift */; };
		CC94E0C11FBD84BA0098E730 /* BILMnemonicView.xib in Resources */ = {isa = PBXBuildFile; fileRef = CC94E0C01FBD84BA0098E730 /* BILMnemonicView.xib */; };
		CC94E0C31FBD86D30098E730 /* BILMnemonicCell.xib in Resources */ = {isa = PBXBuildFile; fileRef = CC94E0C21FBD86D30098E730 /* BILMnemonicCell.xib */; };
		CC94E0C51FBD87D70098E730 /* BILMnemonicCell.swift in Sources */ = {isa = PBXBuildFile; fileRef = CC94E0C41FBD87D70098E730 /* BILMnemonicCell.swift */; };
		CCE9BE801FBD9DF0007A59E7 /* BILVerifyMnemonicController.swift in Sources */ = {isa = PBXBuildFile; fileRef = CCE9BE7F1FBD9DF0007A59E7 /* BILVerifyMnemonicController.swift */; };
		CCE9BE821FBE8CA0007A59E7 /* BILMnemonicViewDelegate.swift in Sources */ = {isa = PBXBuildFile; fileRef = CCE9BE811FBE8CA0007A59E7 /* BILMnemonicViewDelegate.swift */; };
		CCEC67581FB18C3A004CC6C5 /* AppDelegate.swift in Sources */ = {isa = PBXBuildFile; fileRef = CCEC67571FB18C3A004CC6C5 /* AppDelegate.swift */; };
		CCEC675A1FB18C3A004CC6C5 /* FirstViewController.swift in Sources */ = {isa = PBXBuildFile; fileRef = CCEC67591FB18C3A004CC6C5 /* FirstViewController.swift */; };
		CCEC675C1FB18C3A004CC6C5 /* SecondViewController.swift in Sources */ = {isa = PBXBuildFile; fileRef = CCEC675B1FB18C3A004CC6C5 /* SecondViewController.swift */; };
		CCEC675F1FB18C3A004CC6C5 /* Main.storyboard in Resources */ = {isa = PBXBuildFile; fileRef = CCEC675D1FB18C3A004CC6C5 /* Main.storyboard */; };
		CCEC67611FB18C3A004CC6C5 /* Assets.xcassets in Resources */ = {isa = PBXBuildFile; fileRef = CCEC67601FB18C3A004CC6C5 /* Assets.xcassets */; };
		CCEC67641FB18C3A004CC6C5 /* LaunchScreen.storyboard in Resources */ = {isa = PBXBuildFile; fileRef = CCEC67621FB18C3A004CC6C5 /* LaunchScreen.storyboard */; };
		CCEC676F1FB18C3B004CC6C5 /* wallet_ios_coreTests.swift in Sources */ = {isa = PBXBuildFile; fileRef = CCEC676E1FB18C3B004CC6C5 /* wallet_ios_coreTests.swift */; };
		CCEC67801FB190EE004CC6C5 /* index.html in Resources */ = {isa = PBXBuildFile; fileRef = CCEC677B1FB190EE004CC6C5 /* index.html */; };
		CCEC67811FB190EE004CC6C5 /* LICENSE in Resources */ = {isa = PBXBuildFile; fileRef = CCEC677C1FB190EE004CC6C5 /* LICENSE */; };
		CCEC67821FB190EE004CC6C5 /* bitcoinjs-lib-app.js in Resources */ = {isa = PBXBuildFile; fileRef = CCEC677D1FB190EE004CC6C5 /* bitcoinjs-lib-app.js */; };
		CCEC67831FB190EE004CC6C5 /* index.js in Resources */ = {isa = PBXBuildFile; fileRef = CCEC677E1FB190EE004CC6C5 /* index.js */; };
		CCEC67841FB190EE004CC6C5 /* README.md in Resources */ = {isa = PBXBuildFile; fileRef = CCEC677F1FB190EE004CC6C5 /* README.md */; };
		CCEC67861FB193B0004CC6C5 /* BitcoinJSBridge.swift in Sources */ = {isa = PBXBuildFile; fileRef = CCEC67851FB193B0004CC6C5 /* BitcoinJSBridge.swift */; };
		CCF634F21FBEC25400840097 /* BILTabBarController.swift in Sources */ = {isa = PBXBuildFile; fileRef = CCF634F11FBEC25400840097 /* BILTabBarController.swift */; };
		CCF634F51FBEC63300840097 /* BILAllInOneView.swift in Sources */ = {isa = PBXBuildFile; fileRef = CCF634F41FBEC63300840097 /* BILAllInOneView.swift */; };
		CCF634F71FBEC64400840097 /* BILAllInOneView.xib in Resources */ = {isa = PBXBuildFile; fileRef = CCF634F61FBEC64400840097 /* BILAllInOneView.xib */; };
		CCF634F91FBECC0000840097 /* BILBaseViewController.swift in Sources */ = {isa = PBXBuildFile; fileRef = CCF634F81FBECC0000840097 /* BILBaseViewController.swift */; };
/* End PBXBuildFile section */

/* Begin PBXContainerItemProxy section */
		CCEC676B1FB18C3B004CC6C5 /* PBXContainerItemProxy */ = {
			isa = PBXContainerItemProxy;
			containerPortal = CCEC674C1FB18C3A004CC6C5 /* Project object */;
			proxyType = 1;
			remoteGlobalIDString = CCEC67531FB18C3A004CC6C5;
			remoteInfo = "wallet-ios-core";
		};
/* End PBXContainerItemProxy section */

/* Begin PBXFileReference section */
		3564F2C66C64F75D2994D638 /* Pods_wallet_ios_core.framework */ = {isa = PBXFileReference; explicitFileType = wrapper.framework; includeInIndex = 0; path = Pods_wallet_ios_core.framework; sourceTree = BUILT_PRODUCTS_DIR; };
		536A87918365D6CC5EF0ADF5 /* Pods-wallet-ios-core.debug.xcconfig */ = {isa = PBXFileReference; includeInIndex = 1; lastKnownFileType = text.xcconfig; name = "Pods-wallet-ios-core.debug.xcconfig"; path = "Pods/Target Support Files/Pods-wallet-ios-core/Pods-wallet-ios-core.debug.xcconfig"; sourceTree = "<group>"; };
		6EA45AA89FC29119CDF416C1 /* Pods-wallet-ios-coreTests.debug.xcconfig */ = {isa = PBXFileReference; includeInIndex = 1; lastKnownFileType = text.xcconfig; name = "Pods-wallet-ios-coreTests.debug.xcconfig"; path = "Pods/Target Support Files/Pods-wallet-ios-coreTests/Pods-wallet-ios-coreTests.debug.xcconfig"; sourceTree = "<group>"; };
		9C97431875E1515DC8A80E75 /* Pods_wallet_ios_coreTests.framework */ = {isa = PBXFileReference; explicitFileType = wrapper.framework; includeInIndex = 0; path = Pods_wallet_ios_coreTests.framework; sourceTree = BUILT_PRODUCTS_DIR; };
		CC4417001FBEAC7F00C4B158 /* WalletModel+BIL.swift */ = {isa = PBXFileReference; lastKnownFileType = sourcecode.swift; path = "WalletModel+BIL.swift"; sourceTree = "<group>"; };
		CC4417021FBEAD8800C4B158 /* BILAESHelper.swift */ = {isa = PBXFileReference; lastKnownFileType = sourcecode.swift; path = BILAESHelper.swift; sourceTree = "<group>"; };
		CC4417041FBEB25C00C4B158 /* BILControllerManager.swift */ = {isa = PBXFileReference; lastKnownFileType = sourcecode.swift; path = BILControllerManager.swift; sourceTree = "<group>"; };
		CC4417061FBEB47C00C4B158 /* BILBackupWalletSuccessController.swift */ = {isa = PBXFileReference; lastKnownFileType = sourcecode.swift; path = BILBackupWalletSuccessController.swift; sourceTree = "<group>"; };
		CC4660481FBE96E600A87132 /* Public.xcassets */ = {isa = PBXFileReference; lastKnownFileType = folder.assetcatalog; path = Public.xcassets; sourceTree = "<group>"; };
		CC4660521FBEA67600A87132 /* BILCreateWalletSuccessController.swift */ = {isa = PBXFileReference; lastKnownFileType = sourcecode.swift; path = BILCreateWalletSuccessController.swift; sourceTree = "<group>"; };
		CC8E4C371FBD8AF40047E8FF /* BILBackupWalletMnemonicController.swift */ = {isa = PBXFileReference; lastKnownFileType = sourcecode.swift; path = BILBackupWalletMnemonicController.swift; sourceTree = "<group>"; };
		CC94E0171FB58CDC0098E730 /* NewWallet.storyboard */ = {isa = PBXFileReference; lastKnownFileType = file.storyboard; path = NewWallet.storyboard; sourceTree = "<group>"; };
		CC94E0441FB9458D0098E730 /* UIViewController+BIL.swift */ = {isa = PBXFileReference; lastKnownFileType = sourcecode.swift; path = "UIViewController+BIL.swift"; sourceTree = "<group>"; };
		CC94E0461FB946290098E730 /* UIView+BILGradient.swift */ = {isa = PBXFileReference; fileEncoding = 4; lastKnownFileType = sourcecode.swift; path = "UIView+BILGradient.swift"; sourceTree = "<group>"; };
		CC94E04A1FB946480098E730 /* UIColor+BILHex.swift */ = {isa = PBXFileReference; fileEncoding = 4; lastKnownFileType = sourcecode.swift; path = "UIColor+BILHex.swift"; sourceTree = "<group>"; };
		CC94E04C1FB94DAA0098E730 /* BILWelcomeViewController.swift */ = {isa = PBXFileReference; lastKnownFileType = sourcecode.swift; path = BILWelcomeViewController.swift; sourceTree = "<group>"; };
		CC94E04E1FB950040098E730 /* BILCreateWalletViewController.swift */ = {isa = PBXFileReference; lastKnownFileType = sourcecode.swift; path = BILCreateWalletViewController.swift; sourceTree = "<group>"; };
		CC94E0501FB9824B0098E730 /* ASKPlaceHolderColorTextField.swift */ = {isa = PBXFileReference; fileEncoding = 4; lastKnownFileType = sourcecode.swift; path = ASKPlaceHolderColorTextField.swift; sourceTree = "<group>"; };
		CC94E0521FB984630098E730 /* BILGradientButton.swift */ = {isa = PBXFileReference; lastKnownFileType = sourcecode.swift; path = BILGradientButton.swift; sourceTree = "<group>"; };
		CC94E0541FB9911E0098E730 /* BILCreateWalletSucessView.swift */ = {isa = PBXFileReference; lastKnownFileType = sourcecode.swift; path = BILCreateWalletSucessView.swift; sourceTree = "<group>"; };
		CC94E0561FB998A20098E730 /* BILPasswordStrengthView.swift */ = {isa = PBXFileReference; lastKnownFileType = sourcecode.swift; path = BILPasswordStrengthView.swift; sourceTree = "<group>"; };
		CC94E0581FBA99160098E730 /* BILInputView.swift */ = {isa = PBXFileReference; lastKnownFileType = sourcecode.swift; path = BILInputView.swift; sourceTree = "<group>"; };
		CC94E05D1FBAC2B20098E730 /* WalletModel.xcdatamodel */ = {isa = PBXFileReference; lastKnownFileType = wrapper.xcdatamodel; path = WalletModel.xcdatamodel; sourceTree = "<group>"; };
		CC94E0941FBAE1A40098E730 /* Data+CKBitArray.swift */ = {isa = PBXFileReference; fileEncoding = 4; lastKnownFileType = sourcecode.swift; path = "Data+CKBitArray.swift"; sourceTree = "<group>"; };
		CC94E0951FBAE1A40098E730 /* String+MnemonicData.swift */ = {isa = PBXFileReference; fileEncoding = 4; lastKnownFileType = sourcecode.swift; path = "String+MnemonicData.swift"; sourceTree = "<group>"; };
		CC94E09A1FBBE2300098E730 /* NewWallet.xcassets */ = {isa = PBXFileReference; lastKnownFileType = folder.assetcatalog; path = NewWallet.xcassets; sourceTree = "<group>"; };
		CC94E09C1FBBE6410098E730 /* BILAppStartUpManager.swift */ = {isa = PBXFileReference; lastKnownFileType = sourcecode.swift; path = BILAppStartUpManager.swift; sourceTree = "<group>"; };
		CC94E09E1FBBEAF10098E730 /* BILSupportedCoinsPopupController.xib */ = {isa = PBXFileReference; lastKnownFileType = file.xib; path = BILSupportedCoinsPopupController.xib; sourceTree = "<group>"; };
		CC94E0A51FBD6E3B0098E730 /* .gitkeep */ = {isa = PBXFileReference; fileEncoding = 4; lastKnownFileType = text; path = .gitkeep; sourceTree = "<group>"; };
		CC94E0AB1FBD6E3B0098E730 /* .gitkeep */ = {isa = PBXFileReference; fileEncoding = 4; lastKnownFileType = text; path = .gitkeep; sourceTree = "<group>"; };
		CC94E0AD1FBD6E3B0098E730 /* .gitkeep */ = {isa = PBXFileReference; fileEncoding = 4; lastKnownFileType = text; path = .gitkeep; sourceTree = "<group>"; };
		CC94E0B71FBD6E620098E730 /* BackupWallet.storyboard */ = {isa = PBXFileReference; lastKnownFileType = file.storyboard; path = BackupWallet.storyboard; sourceTree = "<group>"; };
		CC94E0B91FBD7FF30098E730 /* BackupWallet.xcassets */ = {isa = PBXFileReference; lastKnownFileType = folder.assetcatalog; path = BackupWallet.xcassets; sourceTree = "<group>"; };
		CC94E0BE1FBD83E90098E730 /* BILMnemonicView.swift */ = {isa = PBXFileReference; fileEncoding = 4; lastKnownFileType = sourcecode.swift; path = BILMnemonicView.swift; sourceTree = "<group>"; };
		CC94E0C01FBD84BA0098E730 /* BILMnemonicView.xib */ = {isa = PBXFileReference; lastKnownFileType = file.xib; path = BILMnemonicView.xib; sourceTree = "<group>"; };
		CC94E0C21FBD86D30098E730 /* BILMnemonicCell.xib */ = {isa = PBXFileReference; lastKnownFileType = file.xib; path = BILMnemonicCell.xib; sourceTree = "<group>"; };
		CC94E0C41FBD87D70098E730 /* BILMnemonicCell.swift */ = {isa = PBXFileReference; lastKnownFileType = sourcecode.swift; path = BILMnemonicCell.swift; sourceTree = "<group>"; };
		CCE9BE7F1FBD9DF0007A59E7 /* BILVerifyMnemonicController.swift */ = {isa = PBXFileReference; lastKnownFileType = sourcecode.swift; path = BILVerifyMnemonicController.swift; sourceTree = "<group>"; };
		CCE9BE811FBE8CA0007A59E7 /* BILMnemonicViewDelegate.swift */ = {isa = PBXFileReference; lastKnownFileType = sourcecode.swift; path = BILMnemonicViewDelegate.swift; sourceTree = "<group>"; };
		CCEC67541FB18C3A004CC6C5 /* wallet-ios-core.app */ = {isa = PBXFileReference; explicitFileType = wrapper.application; includeInIndex = 0; path = "wallet-ios-core.app"; sourceTree = BUILT_PRODUCTS_DIR; };
		CCEC67571FB18C3A004CC6C5 /* AppDelegate.swift */ = {isa = PBXFileReference; lastKnownFileType = sourcecode.swift; path = AppDelegate.swift; sourceTree = "<group>"; };
		CCEC67591FB18C3A004CC6C5 /* FirstViewController.swift */ = {isa = PBXFileReference; lastKnownFileType = sourcecode.swift; path = FirstViewController.swift; sourceTree = "<group>"; };
		CCEC675B1FB18C3A004CC6C5 /* SecondViewController.swift */ = {isa = PBXFileReference; lastKnownFileType = sourcecode.swift; path = SecondViewController.swift; sourceTree = "<group>"; };
		CCEC675E1FB18C3A004CC6C5 /* Base */ = {isa = PBXFileReference; lastKnownFileType = file.storyboard; name = Base; path = Base.lproj/Main.storyboard; sourceTree = "<group>"; };
		CCEC67601FB18C3A004CC6C5 /* Assets.xcassets */ = {isa = PBXFileReference; lastKnownFileType = folder.assetcatalog; path = Assets.xcassets; sourceTree = "<group>"; };
		CCEC67631FB18C3A004CC6C5 /* Base */ = {isa = PBXFileReference; lastKnownFileType = file.storyboard; name = Base; path = Base.lproj/LaunchScreen.storyboard; sourceTree = "<group>"; };
		CCEC67651FB18C3A004CC6C5 /* Info.plist */ = {isa = PBXFileReference; lastKnownFileType = text.plist.xml; path = Info.plist; sourceTree = "<group>"; };
		CCEC676A1FB18C3B004CC6C5 /* wallet-ios-coreTests.xctest */ = {isa = PBXFileReference; explicitFileType = wrapper.cfbundle; includeInIndex = 0; path = "wallet-ios-coreTests.xctest"; sourceTree = BUILT_PRODUCTS_DIR; };
		CCEC676E1FB18C3B004CC6C5 /* wallet_ios_coreTests.swift */ = {isa = PBXFileReference; lastKnownFileType = sourcecode.swift; path = wallet_ios_coreTests.swift; sourceTree = "<group>"; };
		CCEC67701FB18C3B004CC6C5 /* Info.plist */ = {isa = PBXFileReference; lastKnownFileType = text.plist.xml; path = Info.plist; sourceTree = "<group>"; };
		CCEC677B1FB190EE004CC6C5 /* index.html */ = {isa = PBXFileReference; fileEncoding = 4; lastKnownFileType = text.html; path = index.html; sourceTree = "<group>"; };
		CCEC677C1FB190EE004CC6C5 /* LICENSE */ = {isa = PBXFileReference; fileEncoding = 4; lastKnownFileType = text; path = LICENSE; sourceTree = "<group>"; };
		CCEC677D1FB190EE004CC6C5 /* bitcoinjs-lib-app.js */ = {isa = PBXFileReference; fileEncoding = 4; lastKnownFileType = sourcecode.javascript; path = "bitcoinjs-lib-app.js"; sourceTree = "<group>"; };
		CCEC677E1FB190EE004CC6C5 /* index.js */ = {isa = PBXFileReference; fileEncoding = 4; lastKnownFileType = sourcecode.javascript; path = index.js; sourceTree = "<group>"; };
		CCEC677F1FB190EE004CC6C5 /* README.md */ = {isa = PBXFileReference; fileEncoding = 4; lastKnownFileType = net.daringfireball.markdown; path = README.md; sourceTree = "<group>"; };
		CCEC67851FB193B0004CC6C5 /* BitcoinJSBridge.swift */ = {isa = PBXFileReference; lastKnownFileType = sourcecode.swift; path = BitcoinJSBridge.swift; sourceTree = "<group>"; };
		CCF634F11FBEC25400840097 /* BILTabBarController.swift */ = {isa = PBXFileReference; lastKnownFileType = sourcecode.swift; path = BILTabBarController.swift; sourceTree = "<group>"; };
		CCF634F41FBEC63300840097 /* BILAllInOneView.swift */ = {isa = PBXFileReference; lastKnownFileType = sourcecode.swift; path = BILAllInOneView.swift; sourceTree = "<group>"; };
		CCF634F61FBEC64400840097 /* BILAllInOneView.xib */ = {isa = PBXFileReference; lastKnownFileType = file.xib; path = BILAllInOneView.xib; sourceTree = "<group>"; };
		CCF634F81FBECC0000840097 /* BILBaseViewController.swift */ = {isa = PBXFileReference; lastKnownFileType = sourcecode.swift; path = BILBaseViewController.swift; sourceTree = "<group>"; };
		D2BEE8AF9C1E6B3732497728 /* Pods-wallet-ios-core.release.xcconfig */ = {isa = PBXFileReference; includeInIndex = 1; lastKnownFileType = text.xcconfig; name = "Pods-wallet-ios-core.release.xcconfig"; path = "Pods/Target Support Files/Pods-wallet-ios-core/Pods-wallet-ios-core.release.xcconfig"; sourceTree = "<group>"; };
		F76E2A6321F53623A11A5D44 /* Pods-wallet-ios-coreTests.release.xcconfig */ = {isa = PBXFileReference; includeInIndex = 1; lastKnownFileType = text.xcconfig; name = "Pods-wallet-ios-coreTests.release.xcconfig"; path = "Pods/Target Support Files/Pods-wallet-ios-coreTests/Pods-wallet-ios-coreTests.release.xcconfig"; sourceTree = "<group>"; };
/* End PBXFileReference section */

/* Begin PBXFrameworksBuildPhase section */
		CCEC67511FB18C3A004CC6C5 /* Frameworks */ = {
			isa = PBXFrameworksBuildPhase;
			buildActionMask = 2147483647;
			files = (
				88C04385567FE9A9A6C044CC /* Pods_wallet_ios_core.framework in Frameworks */,
			);
			runOnlyForDeploymentPostprocessing = 0;
		};
		CCEC67671FB18C3B004CC6C5 /* Frameworks */ = {
			isa = PBXFrameworksBuildPhase;
			buildActionMask = 2147483647;
			files = (
				07249FEEB456F1D46BB4C5EE /* Pods_wallet_ios_coreTests.framework in Frameworks */,
			);
			runOnlyForDeploymentPostprocessing = 0;
		};
/* End PBXFrameworksBuildPhase section */

/* Begin PBXGroup section */
		2CF35A907D26186B3DBA4304 /* Frameworks */ = {
			isa = PBXGroup;
			children = (
				3564F2C66C64F75D2994D638 /* Pods_wallet_ios_core.framework */,
				9C97431875E1515DC8A80E75 /* Pods_wallet_ios_coreTests.framework */,
			);
			name = Frameworks;
			sourceTree = "<group>";
		};
		CC94E0011FB58C160098E730 /* Modules */ = {
			isa = PBXGroup;
			children = (
				CC94E02E1FB58D9C0098E730 /* Base */,
				CC94E0191FB58D1F0098E730 /* Public */,
				CC94E0021FB58CAA0098E730 /* NewWallet */,
				CC94E0A21FBD6E3B0098E730 /* BackupWallet */,
			);
			path = Modules;
			sourceTree = "<group>";
		};
		CC94E0021FB58CAA0098E730 /* NewWallet */ = {
			isa = PBXGroup;
			children = (
				CC94E09A1FBBE2300098E730 /* NewWallet.xcassets */,
				CC94E0171FB58CDC0098E730 /* NewWallet.storyboard */,
				CC94E0081FB58CAA0098E730 /* Controller */,
				CC94E00E1FB58CAA0098E730 /* View */,
			);
			path = NewWallet;
			sourceTree = "<group>";
		};
		CC94E0081FB58CAA0098E730 /* Controller */ = {
			isa = PBXGroup;
			children = (
				CC94E04C1FB94DAA0098E730 /* BILWelcomeViewController.swift */,
				CC94E04E1FB950040098E730 /* BILCreateWalletViewController.swift */,
				CC4660521FBEA67600A87132 /* BILCreateWalletSuccessController.swift */,
				CC94E09E1FBBEAF10098E730 /* BILSupportedCoinsPopupController.xib */,
			);
			path = Controller;
			sourceTree = "<group>";
		};
		CC94E00E1FB58CAA0098E730 /* View */ = {
			isa = PBXGroup;
			children = (
				CCF634F31FBEC60C00840097 /* Guide */,
				CC94E0541FB9911E0098E730 /* BILCreateWalletSucessView.swift */,
				CC94E0561FB998A20098E730 /* BILPasswordStrengthView.swift */,
				CC94E0581FBA99160098E730 /* BILInputView.swift */,
			);
			path = View;
			sourceTree = "<group>";
		};
		CC94E0191FB58D1F0098E730 /* Public */ = {
			isa = PBXGroup;
			children = (
				CC4660481FBE96E600A87132 /* Public.xcassets */,
				CC94E01B1FB58D1F0098E730 /* Other */,
				CC94E01D1FB58D1F0098E730 /* Protocol */,
				CC94E01F1FB58D1F0098E730 /* Controller */,
				CC94E0211FB58D1F0098E730 /* Manager */,
				CC94E0231FB58D1F0098E730 /* Model */,
				CC94E0251FB58D1F0098E730 /* View */,
			);
			path = Public;
			sourceTree = "<group>";
		};
		CC94E01B1FB58D1F0098E730 /* Other */ = {
			isa = PBXGroup;
			children = (
				CC94E04A1FB946480098E730 /* UIColor+BILHex.swift */,
				CC94E0941FBAE1A40098E730 /* Data+CKBitArray.swift */,
				CC94E0951FBAE1A40098E730 /* String+MnemonicData.swift */,
				CC4417021FBEAD8800C4B158 /* BILAESHelper.swift */,
			);
			path = Other;
			sourceTree = "<group>";
		};
		CC94E01D1FB58D1F0098E730 /* Protocol */ = {
			isa = PBXGroup;
			children = (
			);
			path = Protocol;
			sourceTree = "<group>";
		};
		CC94E01F1FB58D1F0098E730 /* Controller */ = {
			isa = PBXGroup;
			children = (
				CC94E0441FB9458D0098E730 /* UIViewController+BIL.swift */,
				CCF634F11FBEC25400840097 /* BILTabBarController.swift */,
			);
			path = Controller;
			sourceTree = "<group>";
		};
		CC94E0211FB58D1F0098E730 /* Manager */ = {
			isa = PBXGroup;
			children = (
				CC94E09C1FBBE6410098E730 /* BILAppStartUpManager.swift */,
				CC4417041FBEB25C00C4B158 /* BILControllerManager.swift */,
			);
			path = Manager;
			sourceTree = "<group>";
		};
		CC94E0231FB58D1F0098E730 /* Model */ = {
			isa = PBXGroup;
			children = (
				CC4417001FBEAC7F00C4B158 /* WalletModel+BIL.swift */,
			);
			path = Model;
			sourceTree = "<group>";
		};
		CC94E0251FB58D1F0098E730 /* View */ = {
			isa = PBXGroup;
			children = (
				CC94E0461FB946290098E730 /* UIView+BILGradient.swift */,
			);
			path = View;
			sourceTree = "<group>";
		};
		CC94E02E1FB58D9C0098E730 /* Base */ = {
			isa = PBXGroup;
			children = (
				CC94E0301FB58D9C0098E730 /* Other */,
				CC94E0321FB58D9C0098E730 /* Protocol */,
				CC94E0341FB58D9C0098E730 /* Controller */,
				CC94E0361FB58D9C0098E730 /* Manager */,
				CC94E0381FB58D9C0098E730 /* Model */,
				CC94E03A1FB58D9C0098E730 /* View */,
			);
			path = Base;
			sourceTree = "<group>";
		};
		CC94E0301FB58D9C0098E730 /* Other */ = {
			isa = PBXGroup;
			children = (
			);
			path = Other;
			sourceTree = "<group>";
		};
		CC94E0321FB58D9C0098E730 /* Protocol */ = {
			isa = PBXGroup;
			children = (
			);
			path = Protocol;
			sourceTree = "<group>";
		};
		CC94E0341FB58D9C0098E730 /* Controller */ = {
			isa = PBXGroup;
			children = (
				CCF634F81FBECC0000840097 /* BILBaseViewController.swift */,
			);
			path = Controller;
			sourceTree = "<group>";
		};
		CC94E0361FB58D9C0098E730 /* Manager */ = {
			isa = PBXGroup;
			children = (
			);
			path = Manager;
			sourceTree = "<group>";
		};
		CC94E0381FB58D9C0098E730 /* Model */ = {
			isa = PBXGroup;
			children = (
			);
			path = Model;
			sourceTree = "<group>";
		};
		CC94E03A1FB58D9C0098E730 /* View */ = {
			isa = PBXGroup;
			children = (
				CC94E0501FB9824B0098E730 /* ASKPlaceHolderColorTextField.swift */,
				CC94E0521FB984630098E730 /* BILGradientButton.swift */,
			);
			path = View;
			sourceTree = "<group>";
		};
		CC94E0A21FBD6E3B0098E730 /* BackupWallet */ = {
			isa = PBXGroup;
			children = (
				CC94E0B71FBD6E620098E730 /* BackupWallet.storyboard */,
				CC94E0B91FBD7FF30098E730 /* BackupWallet.xcassets */,
				CC94E0A41FBD6E3B0098E730 /* Other */,
				CC94E0A61FBD6E3B0098E730 /* Protocol */,
				CC94E0A81FBD6E3B0098E730 /* Controller */,
				CC94E0AA1FBD6E3B0098E730 /* Manager */,
				CC94E0AC1FBD6E3B0098E730 /* Model */,
				CC94E0AE1FBD6E3B0098E730 /* View */,
			);
			path = BackupWallet;
			sourceTree = "<group>";
		};
		CC94E0A41FBD6E3B0098E730 /* Other */ = {
			isa = PBXGroup;
			children = (
				CC94E0A51FBD6E3B0098E730 /* .gitkeep */,
			);
			path = Other;
			sourceTree = "<group>";
		};
		CC94E0A61FBD6E3B0098E730 /* Protocol */ = {
			isa = PBXGroup;
			children = (
				CCE9BE811FBE8CA0007A59E7 /* BILMnemonicViewDelegate.swift */,
			);
			path = Protocol;
			sourceTree = "<group>";
		};
		CC94E0A81FBD6E3B0098E730 /* Controller */ = {
			isa = PBXGroup;
			children = (
				CC8E4C371FBD8AF40047E8FF /* BILBackupWalletMnemonicController.swift */,
				CCE9BE7F1FBD9DF0007A59E7 /* BILVerifyMnemonicController.swift */,
				CC4417061FBEB47C00C4B158 /* BILBackupWalletSuccessController.swift */,
			);
			path = Controller;
			sourceTree = "<group>";
		};
		CC94E0AA1FBD6E3B0098E730 /* Manager */ = {
			isa = PBXGroup;
			children = (
				CC94E0AB1FBD6E3B0098E730 /* .gitkeep */,
			);
			path = Manager;
			sourceTree = "<group>";
		};
		CC94E0AC1FBD6E3B0098E730 /* Model */ = {
			isa = PBXGroup;
			children = (
				CC94E0AD1FBD6E3B0098E730 /* .gitkeep */,
			);
			path = Model;
			sourceTree = "<group>";
		};
		CC94E0AE1FBD6E3B0098E730 /* View */ = {
			isa = PBXGroup;
			children = (
				CC94E0BD1FBD83E90098E730 /* Mnemonic */,
			);
			path = View;
			sourceTree = "<group>";
		};
		CC94E0BD1FBD83E90098E730 /* Mnemonic */ = {
			isa = PBXGroup;
			children = (
				CC94E0BE1FBD83E90098E730 /* BILMnemonicView.swift */,
				CC94E0C01FBD84BA0098E730 /* BILMnemonicView.xib */,
				CC94E0C41FBD87D70098E730 /* BILMnemonicCell.swift */,
				CC94E0C21FBD86D30098E730 /* BILMnemonicCell.xib */,
			);
			path = Mnemonic;
			sourceTree = "<group>";
		};
		CCEC674B1FB18C3A004CC6C5 = {
			isa = PBXGroup;
			children = (
				CCEC67561FB18C3A004CC6C5 /* wallet-ios-core */,
				CCEC676D1FB18C3B004CC6C5 /* wallet-ios-coreTests */,
				CCEC67551FB18C3A004CC6C5 /* Products */,
				E3E36CCA1613A27EC1FF5BBA /* Pods */,
				2CF35A907D26186B3DBA4304 /* Frameworks */,
			);
			sourceTree = "<group>";
		};
		CCEC67551FB18C3A004CC6C5 /* Products */ = {
			isa = PBXGroup;
			children = (
				CCEC67541FB18C3A004CC6C5 /* wallet-ios-core.app */,
				CCEC676A1FB18C3B004CC6C5 /* wallet-ios-coreTests.xctest */,
			);
			name = Products;
			sourceTree = "<group>";
		};
		CCEC67561FB18C3A004CC6C5 /* wallet-ios-core */ = {
			isa = PBXGroup;
			children = (
				CC94E0011FB58C160098E730 /* Modules */,
				CCEC67791FB190EE004CC6C5 /* components */,
				CCEC67571FB18C3A004CC6C5 /* AppDelegate.swift */,
				CCEC67591FB18C3A004CC6C5 /* FirstViewController.swift */,
				CCEC675B1FB18C3A004CC6C5 /* SecondViewController.swift */,
				CCEC675D1FB18C3A004CC6C5 /* Main.storyboard */,
				CCEC67601FB18C3A004CC6C5 /* Assets.xcassets */,
				CCEC67621FB18C3A004CC6C5 /* LaunchScreen.storyboard */,
				CCEC67651FB18C3A004CC6C5 /* Info.plist */,
			);
			path = "wallet-ios-core";
			sourceTree = "<group>";
		};
		CCEC676D1FB18C3B004CC6C5 /* wallet-ios-coreTests */ = {
			isa = PBXGroup;
			children = (
				CCEC676E1FB18C3B004CC6C5 /* wallet_ios_coreTests.swift */,
				CCEC67701FB18C3B004CC6C5 /* Info.plist */,
			);
			path = "wallet-ios-coreTests";
			sourceTree = "<group>";
		};
		CCEC67791FB190EE004CC6C5 /* components */ = {
			isa = PBXGroup;
			children = (
				CCEC67851FB193B0004CC6C5 /* BitcoinJSBridge.swift */,
				CCEC677A1FB190EE004CC6C5 /* bitcoinjs-lib-bridge */,
				CC94E05C1FBAC2B20098E730 /* WalletModel.xcdatamodeld */,
			);
			path = components;
			sourceTree = "<group>";
		};
		CCEC677A1FB190EE004CC6C5 /* bitcoinjs-lib-bridge */ = {
			isa = PBXGroup;
			children = (
				CCEC677B1FB190EE004CC6C5 /* index.html */,
				CCEC677C1FB190EE004CC6C5 /* LICENSE */,
				CCEC677D1FB190EE004CC6C5 /* bitcoinjs-lib-app.js */,
				CCEC677E1FB190EE004CC6C5 /* index.js */,
				CCEC677F1FB190EE004CC6C5 /* README.md */,
			);
			path = "bitcoinjs-lib-bridge";
			sourceTree = "<group>";
		};
		CCF634F31FBEC60C00840097 /* Guide */ = {
			isa = PBXGroup;
			children = (
				CCF634F41FBEC63300840097 /* BILAllInOneView.swift */,
				CCF634F61FBEC64400840097 /* BILAllInOneView.xib */,
			);
			path = Guide;
			sourceTree = "<group>";
		};
		E3E36CCA1613A27EC1FF5BBA /* Pods */ = {
			isa = PBXGroup;
			children = (
				536A87918365D6CC5EF0ADF5 /* Pods-wallet-ios-core.debug.xcconfig */,
				D2BEE8AF9C1E6B3732497728 /* Pods-wallet-ios-core.release.xcconfig */,
				6EA45AA89FC29119CDF416C1 /* Pods-wallet-ios-coreTests.debug.xcconfig */,
				F76E2A6321F53623A11A5D44 /* Pods-wallet-ios-coreTests.release.xcconfig */,
			);
			name = Pods;
			sourceTree = "<group>";
		};
/* End PBXGroup section */

/* Begin PBXNativeTarget section */
		CCEC67531FB18C3A004CC6C5 /* wallet-ios-core */ = {
			isa = PBXNativeTarget;
			buildConfigurationList = CCEC67731FB18C3B004CC6C5 /* Build configuration list for PBXNativeTarget "wallet-ios-core" */;
			buildPhases = (
				A5ADEE7A7B9A1262CCC51031 /* [CP] Check Pods Manifest.lock */,
				CCEC67501FB18C3A004CC6C5 /* Sources */,
				CCEC67511FB18C3A004CC6C5 /* Frameworks */,
				CCEC67521FB18C3A004CC6C5 /* Resources */,
				D70E0595125B6DC7DB121DA1 /* [CP] Embed Pods Frameworks */,
				70B945D87F6C2A8FB982FA28 /* [CP] Copy Pods Resources */,
				CC94E0431FB5B0230098E730 /* Build JS */,
			);
			buildRules = (
			);
			dependencies = (
			);
			name = "wallet-ios-core";
			productName = "wallet-ios-core";
			productReference = CCEC67541FB18C3A004CC6C5 /* wallet-ios-core.app */;
			productType = "com.apple.product-type.application";
		};
		CCEC67691FB18C3B004CC6C5 /* wallet-ios-coreTests */ = {
			isa = PBXNativeTarget;
			buildConfigurationList = CCEC67761FB18C3B004CC6C5 /* Build configuration list for PBXNativeTarget "wallet-ios-coreTests" */;
			buildPhases = (
				D9BB5008635168473D5B07CE /* [CP] Check Pods Manifest.lock */,
				CCEC67661FB18C3B004CC6C5 /* Sources */,
				CCEC67671FB18C3B004CC6C5 /* Frameworks */,
				CCEC67681FB18C3B004CC6C5 /* Resources */,
				02E8580D6FBE2BF1732674AA /* [CP] Embed Pods Frameworks */,
				09BBA8AE1BFA596B09B84AB3 /* [CP] Copy Pods Resources */,
			);
			buildRules = (
			);
			dependencies = (
				CCEC676C1FB18C3B004CC6C5 /* PBXTargetDependency */,
			);
			name = "wallet-ios-coreTests";
			productName = "wallet-ios-coreTests";
			productReference = CCEC676A1FB18C3B004CC6C5 /* wallet-ios-coreTests.xctest */;
			productType = "com.apple.product-type.bundle.unit-test";
		};
/* End PBXNativeTarget section */

/* Begin PBXProject section */
		CCEC674C1FB18C3A004CC6C5 /* Project object */ = {
			isa = PBXProject;
			attributes = {
				CLASSPREFIX = BIL;
				LastSwiftUpdateCheck = 0910;
				LastUpgradeCheck = 0910;
				ORGANIZATIONNAME = BitBill;
				TargetAttributes = {
					CCEC67531FB18C3A004CC6C5 = {
						CreatedOnToolsVersion = 9.1;
						ProvisioningStyle = Automatic;
					};
					CCEC67691FB18C3B004CC6C5 = {
						CreatedOnToolsVersion = 9.1;
						ProvisioningStyle = Automatic;
						TestTargetID = CCEC67531FB18C3A004CC6C5;
					};
				};
			};
			buildConfigurationList = CCEC674F1FB18C3A004CC6C5 /* Build configuration list for PBXProject "wallet-ios-core" */;
			compatibilityVersion = "Xcode 8.0";
			developmentRegion = en;
			hasScannedForEncodings = 0;
			knownRegions = (
				en,
				Base,
			);
			mainGroup = CCEC674B1FB18C3A004CC6C5;
			productRefGroup = CCEC67551FB18C3A004CC6C5 /* Products */;
			projectDirPath = "";
			projectRoot = "";
			targets = (
				CCEC67531FB18C3A004CC6C5 /* wallet-ios-core */,
				CCEC67691FB18C3B004CC6C5 /* wallet-ios-coreTests */,
			);
		};
/* End PBXProject section */

/* Begin PBXResourcesBuildPhase section */
		CCEC67521FB18C3A004CC6C5 /* Resources */ = {
			isa = PBXResourcesBuildPhase;
			buildActionMask = 2147483647;
			files = (
				CCEC67641FB18C3A004CC6C5 /* LaunchScreen.storyboard in Resources */,
				CCEC67801FB190EE004CC6C5 /* index.html in Resources */,
				CCEC67821FB190EE004CC6C5 /* bitcoinjs-lib-app.js in Resources */,
				CCEC67611FB18C3A004CC6C5 /* Assets.xcassets in Resources */,
				CC4660491FBE96E600A87132 /* Public.xcassets in Resources */,
				CCEC67831FB190EE004CC6C5 /* index.js in Resources */,
				CCEC675F1FB18C3A004CC6C5 /* Main.storyboard in Resources */,
				CC94E0181FB58CDC0098E730 /* NewWallet.storyboard in Resources */,
				CCF634F71FBEC64400840097 /* BILAllInOneView.xib in Resources */,
				CC94E0B11FBD6E3B0098E730 /* .gitkeep in Resources */,
				CCEC67841FB190EE004CC6C5 /* README.md in Resources */,
				CC94E0C31FBD86D30098E730 /* BILMnemonicCell.xib in Resources */,
				CCEC67811FB190EE004CC6C5 /* LICENSE in Resources */,
				CC94E0BA1FBD7FF30098E730 /* BackupWallet.xcassets in Resources */,
				CC94E0B81FBD6E620098E730 /* BackupWallet.storyboard in Resources */,
				CC94E0B51FBD6E3B0098E730 /* .gitkeep in Resources */,
				CC94E09B1FBBE2310098E730 /* NewWallet.xcassets in Resources */,
				CC94E09F1FBBEAF10098E730 /* BILSupportedCoinsPopupController.xib in Resources */,
				CC94E0C11FBD84BA0098E730 /* BILMnemonicView.xib in Resources */,
				CC94E0B41FBD6E3B0098E730 /* .gitkeep in Resources */,
			);
			runOnlyForDeploymentPostprocessing = 0;
		};
		CCEC67681FB18C3B004CC6C5 /* Resources */ = {
			isa = PBXResourcesBuildPhase;
			buildActionMask = 2147483647;
			files = (
			);
			runOnlyForDeploymentPostprocessing = 0;
		};
/* End PBXResourcesBuildPhase section */

/* Begin PBXShellScriptBuildPhase section */
		02E8580D6FBE2BF1732674AA /* [CP] Embed Pods Frameworks */ = {
			isa = PBXShellScriptBuildPhase;
			buildActionMask = 2147483647;
			files = (
			);
			inputPaths = (
			);
			name = "[CP] Embed Pods Frameworks";
			outputPaths = (
			);
			runOnlyForDeploymentPostprocessing = 0;
			shellPath = /bin/sh;
			shellScript = "\"${SRCROOT}/Pods/Target Support Files/Pods-wallet-ios-coreTests/Pods-wallet-ios-coreTests-frameworks.sh\"\n";
			showEnvVarsInLog = 0;
		};
		09BBA8AE1BFA596B09B84AB3 /* [CP] Copy Pods Resources */ = {
			isa = PBXShellScriptBuildPhase;
			buildActionMask = 2147483647;
			files = (
			);
			inputPaths = (
			);
			name = "[CP] Copy Pods Resources";
			outputPaths = (
			);
			runOnlyForDeploymentPostprocessing = 0;
			shellPath = /bin/sh;
			shellScript = "\"${SRCROOT}/Pods/Target Support Files/Pods-wallet-ios-coreTests/Pods-wallet-ios-coreTests-resources.sh\"\n";
			showEnvVarsInLog = 0;
		};
		70B945D87F6C2A8FB982FA28 /* [CP] Copy Pods Resources */ = {
			isa = PBXShellScriptBuildPhase;
			buildActionMask = 2147483647;
			files = (
			);
			inputPaths = (
			);
			name = "[CP] Copy Pods Resources";
			outputPaths = (
			);
			runOnlyForDeploymentPostprocessing = 0;
			shellPath = /bin/sh;
			shellScript = "\"${SRCROOT}/Pods/Target Support Files/Pods-wallet-ios-core/Pods-wallet-ios-core-resources.sh\"\n";
			showEnvVarsInLog = 0;
		};
		A5ADEE7A7B9A1262CCC51031 /* [CP] Check Pods Manifest.lock */ = {
			isa = PBXShellScriptBuildPhase;
			buildActionMask = 2147483647;
			files = (
			);
			inputPaths = (
				"${PODS_PODFILE_DIR_PATH}/Podfile.lock",
				"${PODS_ROOT}/Manifest.lock",
			);
			name = "[CP] Check Pods Manifest.lock";
			outputPaths = (
				"$(DERIVED_FILE_DIR)/Pods-wallet-ios-core-checkManifestLockResult.txt",
			);
			runOnlyForDeploymentPostprocessing = 0;
			shellPath = /bin/sh;
			shellScript = "diff \"${PODS_PODFILE_DIR_PATH}/Podfile.lock\" \"${PODS_ROOT}/Manifest.lock\" > /dev/null\nif [ $? != 0 ] ; then\n    # print error to STDERR\n    echo \"error: The sandbox is not in sync with the Podfile.lock. Run 'pod install' or update your CocoaPods installation.\" >&2\n    exit 1\nfi\n# This output is used by Xcode 'outputs' to avoid re-running this script phase.\necho \"SUCCESS\" > \"${SCRIPT_OUTPUT_FILE_0}\"\n";
			showEnvVarsInLog = 0;
		};
		CC94E0431FB5B0230098E730 /* Build JS */ = {
			isa = PBXShellScriptBuildPhase;
			buildActionMask = 2147483647;
			files = (
			);
			inputPaths = (
			);
			name = "Build JS";
			outputPaths = (
			);
			runOnlyForDeploymentPostprocessing = 0;
			shellPath = /bin/sh;
			shellScript = "cd ${SRCROOT}/wallet-ios-core/components/bitcoinjs-lib-bridge\nbrowserify index.js --standalone bridge > bitcoinjs-lib-app.js";
		};
		D70E0595125B6DC7DB121DA1 /* [CP] Embed Pods Frameworks */ = {
			isa = PBXShellScriptBuildPhase;
			buildActionMask = 2147483647;
			files = (
			);
			inputPaths = (
				"${SRCROOT}/Pods/Target Support Files/Pods-wallet-ios-core/Pods-wallet-ios-core-frameworks.sh",
				"${BUILT_PRODUCTS_DIR}/Alamofire/Alamofire.framework",
				"${BUILT_PRODUCTS_DIR}/CryptoSwift/CryptoSwift.framework",
				"${BUILT_PRODUCTS_DIR}/DZNEmptyDataSet/DZNEmptyDataSet.framework",
				"${BUILT_PRODUCTS_DIR}/IQKeyboardManagerSwift/IQKeyboardManagerSwift.framework",
				"${BUILT_PRODUCTS_DIR}/PopupDialog/PopupDialog.framework",
				"${BUILT_PRODUCTS_DIR}/SVProgressHUD/SVProgressHUD.framework",
				"${BUILT_PRODUCTS_DIR}/SnapKit/SnapKit.framework",
				"${BUILT_PRODUCTS_DIR}/Socket.IO-Client-Swift/SocketIO.framework",
				"${BUILT_PRODUCTS_DIR}/Starscream/Starscream.framework",
				"${BUILT_PRODUCTS_DIR}/SwiftyJSON/SwiftyJSON.framework",
				"${BUILT_PRODUCTS_DIR}/TextFieldEffects/TextFieldEffects.framework",
				"${BUILT_PRODUCTS_DIR}/Timepiece/Timepiece.framework",
			);
			name = "[CP] Embed Pods Frameworks";
			outputPaths = (
				"${TARGET_BUILD_DIR}/${FRAMEWORKS_FOLDER_PATH}/Alamofire.framework",
				"${TARGET_BUILD_DIR}/${FRAMEWORKS_FOLDER_PATH}/CryptoSwift.framework",
				"${TARGET_BUILD_DIR}/${FRAMEWORKS_FOLDER_PATH}/DZNEmptyDataSet.framework",
				"${TARGET_BUILD_DIR}/${FRAMEWORKS_FOLDER_PATH}/IQKeyboardManagerSwift.framework",
				"${TARGET_BUILD_DIR}/${FRAMEWORKS_FOLDER_PATH}/PopupDialog.framework",
				"${TARGET_BUILD_DIR}/${FRAMEWORKS_FOLDER_PATH}/SVProgressHUD.framework",
				"${TARGET_BUILD_DIR}/${FRAMEWORKS_FOLDER_PATH}/SnapKit.framework",
				"${TARGET_BUILD_DIR}/${FRAMEWORKS_FOLDER_PATH}/SocketIO.framework",
				"${TARGET_BUILD_DIR}/${FRAMEWORKS_FOLDER_PATH}/Starscream.framework",
				"${TARGET_BUILD_DIR}/${FRAMEWORKS_FOLDER_PATH}/SwiftyJSON.framework",
				"${TARGET_BUILD_DIR}/${FRAMEWORKS_FOLDER_PATH}/TextFieldEffects.framework",
				"${TARGET_BUILD_DIR}/${FRAMEWORKS_FOLDER_PATH}/Timepiece.framework",
			);
			runOnlyForDeploymentPostprocessing = 0;
			shellPath = /bin/sh;
			shellScript = "\"${SRCROOT}/Pods/Target Support Files/Pods-wallet-ios-core/Pods-wallet-ios-core-frameworks.sh\"\n";
			showEnvVarsInLog = 0;
		};
		D9BB5008635168473D5B07CE /* [CP] Check Pods Manifest.lock */ = {
			isa = PBXShellScriptBuildPhase;
			buildActionMask = 2147483647;
			files = (
			);
			inputPaths = (
				"${PODS_PODFILE_DIR_PATH}/Podfile.lock",
				"${PODS_ROOT}/Manifest.lock",
			);
			name = "[CP] Check Pods Manifest.lock";
			outputPaths = (
				"$(DERIVED_FILE_DIR)/Pods-wallet-ios-coreTests-checkManifestLockResult.txt",
			);
			runOnlyForDeploymentPostprocessing = 0;
			shellPath = /bin/sh;
			shellScript = "diff \"${PODS_PODFILE_DIR_PATH}/Podfile.lock\" \"${PODS_ROOT}/Manifest.lock\" > /dev/null\nif [ $? != 0 ] ; then\n    # print error to STDERR\n    echo \"error: The sandbox is not in sync with the Podfile.lock. Run 'pod install' or update your CocoaPods installation.\" >&2\n    exit 1\nfi\n# This output is used by Xcode 'outputs' to avoid re-running this script phase.\necho \"SUCCESS\" > \"${SCRIPT_OUTPUT_FILE_0}\"\n";
			showEnvVarsInLog = 0;
		};
/* End PBXShellScriptBuildPhase section */

/* Begin PBXSourcesBuildPhase section */
		CCEC67501FB18C3A004CC6C5 /* Sources */ = {
			isa = PBXSourcesBuildPhase;
			buildActionMask = 2147483647;
			files = (
				CC8E4C381FBD8AF40047E8FF /* BILBackupWalletMnemonicController.swift in Sources */,
				CC94E0531FB984630098E730 /* BILGradientButton.swift in Sources */,
				CC4660531FBEA67600A87132 /* BILCreateWalletSuccessController.swift in Sources */,
				CCF634F91FBECC0000840097 /* BILBaseViewController.swift in Sources */,
				CC94E09D1FBBE6410098E730 /* BILAppStartUpManager.swift in Sources */,
				CC94E0961FBAE1A50098E730 /* Data+CKBitArray.swift in Sources */,
				CCEC675C1FB18C3A004CC6C5 /* SecondViewController.swift in Sources */,
				CC94E05E1FBAC2B20098E730 /* WalletModel.xcdatamodeld in Sources */,
				CCE9BE801FBD9DF0007A59E7 /* BILVerifyMnemonicController.swift in Sources */,
				CC4417051FBEB25C00C4B158 /* BILControllerManager.swift in Sources */,
				CC94E0451FB9458D0098E730 /* UIViewController+BIL.swift in Sources */,
				CC94E0BF1FBD83E90098E730 /* BILMnemonicView.swift in Sources */,
				CC94E04B1FB946480098E730 /* UIColor+BILHex.swift in Sources */,
				CCE9BE821FBE8CA0007A59E7 /* BILMnemonicViewDelegate.swift in Sources */,
				CC94E0551FB9911E0098E730 /* BILCreateWalletSucessView.swift in Sources */,
				CC4417031FBEAD8800C4B158 /* BILAESHelper.swift in Sources */,
				CC94E0591FBA99160098E730 /* BILInputView.swift in Sources */,
				CC4417071FBEB47C00C4B158 /* BILBackupWalletSuccessController.swift in Sources */,
				CC94E04D1FB94DAA0098E730 /* BILWelcomeViewController.swift in Sources */,
				CC94E0571FB998A20098E730 /* BILPasswordStrengthView.swift in Sources */,
				CC94E0971FBAE1A50098E730 /* String+MnemonicData.swift in Sources */,
				CCF634F21FBEC25400840097 /* BILTabBarController.swift in Sources */,
				CC94E0471FB946290098E730 /* UIView+BILGradient.swift in Sources */,
				CCEC67581FB18C3A004CC6C5 /* AppDelegate.swift in Sources */,
				CC94E0C51FBD87D70098E730 /* BILMnemonicCell.swift in Sources */,
				CCEC67861FB193B0004CC6C5 /* BitcoinJSBridge.swift in Sources */,
				CC94E04F1FB950040098E730 /* BILCreateWalletViewController.swift in Sources */,
				CCF634F51FBEC63300840097 /* BILAllInOneView.swift in Sources */,
				CC4417011FBEAC7F00C4B158 /* WalletModel+BIL.swift in Sources */,
				CCEC675A1FB18C3A004CC6C5 /* FirstViewController.swift in Sources */,
				CC94E0511FB9824B0098E730 /* ASKPlaceHolderColorTextField.swift in Sources */,
			);
			runOnlyForDeploymentPostprocessing = 0;
		};
		CCEC67661FB18C3B004CC6C5 /* Sources */ = {
			isa = PBXSourcesBuildPhase;
			buildActionMask = 2147483647;
			files = (
				CCEC676F1FB18C3B004CC6C5 /* wallet_ios_coreTests.swift in Sources */,
			);
			runOnlyForDeploymentPostprocessing = 0;
		};
/* End PBXSourcesBuildPhase section */

/* Begin PBXTargetDependency section */
		CCEC676C1FB18C3B004CC6C5 /* PBXTargetDependency */ = {
			isa = PBXTargetDependency;
			target = CCEC67531FB18C3A004CC6C5 /* wallet-ios-core */;
			targetProxy = CCEC676B1FB18C3B004CC6C5 /* PBXContainerItemProxy */;
		};
/* End PBXTargetDependency section */

/* Begin PBXVariantGroup section */
		CCEC675D1FB18C3A004CC6C5 /* Main.storyboard */ = {
			isa = PBXVariantGroup;
			children = (
				CCEC675E1FB18C3A004CC6C5 /* Base */,
			);
			name = Main.storyboard;
			sourceTree = "<group>";
		};
		CCEC67621FB18C3A004CC6C5 /* LaunchScreen.storyboard */ = {
			isa = PBXVariantGroup;
			children = (
				CCEC67631FB18C3A004CC6C5 /* Base */,
			);
			name = LaunchScreen.storyboard;
			sourceTree = "<group>";
		};
/* End PBXVariantGroup section */

/* Begin XCBuildConfiguration section */
		CCEC67711FB18C3B004CC6C5 /* Debug */ = {
			isa = XCBuildConfiguration;
			buildSettings = {
				ALWAYS_SEARCH_USER_PATHS = NO;
				CLANG_ANALYZER_NONNULL = YES;
				CLANG_ANALYZER_NUMBER_OBJECT_CONVERSION = YES_AGGRESSIVE;
				CLANG_CXX_LANGUAGE_STANDARD = "gnu++14";
				CLANG_CXX_LIBRARY = "libc++";
				CLANG_ENABLE_MODULES = YES;
				CLANG_ENABLE_OBJC_ARC = YES;
				CLANG_WARN_BLOCK_CAPTURE_AUTORELEASING = YES;
				CLANG_WARN_BOOL_CONVERSION = YES;
				CLANG_WARN_COMMA = YES;
				CLANG_WARN_CONSTANT_CONVERSION = YES;
				CLANG_WARN_DIRECT_OBJC_ISA_USAGE = YES_ERROR;
				CLANG_WARN_DOCUMENTATION_COMMENTS = YES;
				CLANG_WARN_EMPTY_BODY = YES;
				CLANG_WARN_ENUM_CONVERSION = YES;
				CLANG_WARN_INFINITE_RECURSION = YES;
				CLANG_WARN_INT_CONVERSION = YES;
				CLANG_WARN_NON_LITERAL_NULL_CONVERSION = YES;
				CLANG_WARN_OBJC_LITERAL_CONVERSION = YES;
				CLANG_WARN_OBJC_ROOT_CLASS = YES_ERROR;
				CLANG_WARN_RANGE_LOOP_ANALYSIS = YES;
				CLANG_WARN_STRICT_PROTOTYPES = YES;
				CLANG_WARN_SUSPICIOUS_MOVE = YES;
				CLANG_WARN_UNGUARDED_AVAILABILITY = YES_AGGRESSIVE;
				CLANG_WARN_UNREACHABLE_CODE = YES;
				CLANG_WARN__DUPLICATE_METHOD_MATCH = YES;
				CODE_SIGN_IDENTITY = "iPhone Developer";
				COPY_PHASE_STRIP = NO;
				DEBUG_INFORMATION_FORMAT = dwarf;
				ENABLE_STRICT_OBJC_MSGSEND = YES;
				ENABLE_TESTABILITY = YES;
				GCC_C_LANGUAGE_STANDARD = gnu11;
				GCC_DYNAMIC_NO_PIC = NO;
				GCC_NO_COMMON_BLOCKS = YES;
				GCC_OPTIMIZATION_LEVEL = 0;
				GCC_PREPROCESSOR_DEFINITIONS = (
					"DEBUG=1",
					"$(inherited)",
				);
				GCC_WARN_64_TO_32_BIT_CONVERSION = YES;
				GCC_WARN_ABOUT_RETURN_TYPE = YES_ERROR;
				GCC_WARN_UNDECLARED_SELECTOR = YES;
				GCC_WARN_UNINITIALIZED_AUTOS = YES_AGGRESSIVE;
				GCC_WARN_UNUSED_FUNCTION = YES;
				GCC_WARN_UNUSED_VARIABLE = YES;
				IPHONEOS_DEPLOYMENT_TARGET = 11.1;
				MTL_ENABLE_DEBUG_INFO = YES;
				ONLY_ACTIVE_ARCH = YES;
				SDKROOT = iphoneos;
				SWIFT_ACTIVE_COMPILATION_CONDITIONS = DEBUG;
				SWIFT_OPTIMIZATION_LEVEL = "-Onone";
			};
			name = Debug;
		};
		CCEC67721FB18C3B004CC6C5 /* Release */ = {
			isa = XCBuildConfiguration;
			buildSettings = {
				ALWAYS_SEARCH_USER_PATHS = NO;
				CLANG_ANALYZER_NONNULL = YES;
				CLANG_ANALYZER_NUMBER_OBJECT_CONVERSION = YES_AGGRESSIVE;
				CLANG_CXX_LANGUAGE_STANDARD = "gnu++14";
				CLANG_CXX_LIBRARY = "libc++";
				CLANG_ENABLE_MODULES = YES;
				CLANG_ENABLE_OBJC_ARC = YES;
				CLANG_WARN_BLOCK_CAPTURE_AUTORELEASING = YES;
				CLANG_WARN_BOOL_CONVERSION = YES;
				CLANG_WARN_COMMA = YES;
				CLANG_WARN_CONSTANT_CONVERSION = YES;
				CLANG_WARN_DIRECT_OBJC_ISA_USAGE = YES_ERROR;
				CLANG_WARN_DOCUMENTATION_COMMENTS = YES;
				CLANG_WARN_EMPTY_BODY = YES;
				CLANG_WARN_ENUM_CONVERSION = YES;
				CLANG_WARN_INFINITE_RECURSION = YES;
				CLANG_WARN_INT_CONVERSION = YES;
				CLANG_WARN_NON_LITERAL_NULL_CONVERSION = YES;
				CLANG_WARN_OBJC_LITERAL_CONVERSION = YES;
				CLANG_WARN_OBJC_ROOT_CLASS = YES_ERROR;
				CLANG_WARN_RANGE_LOOP_ANALYSIS = YES;
				CLANG_WARN_STRICT_PROTOTYPES = YES;
				CLANG_WARN_SUSPICIOUS_MOVE = YES;
				CLANG_WARN_UNGUARDED_AVAILABILITY = YES_AGGRESSIVE;
				CLANG_WARN_UNREACHABLE_CODE = YES;
				CLANG_WARN__DUPLICATE_METHOD_MATCH = YES;
				CODE_SIGN_IDENTITY = "iPhone Developer";
				COPY_PHASE_STRIP = NO;
				DEBUG_INFORMATION_FORMAT = "dwarf-with-dsym";
				ENABLE_NS_ASSERTIONS = NO;
				ENABLE_STRICT_OBJC_MSGSEND = YES;
				GCC_C_LANGUAGE_STANDARD = gnu11;
				GCC_NO_COMMON_BLOCKS = YES;
				GCC_WARN_64_TO_32_BIT_CONVERSION = YES;
				GCC_WARN_ABOUT_RETURN_TYPE = YES_ERROR;
				GCC_WARN_UNDECLARED_SELECTOR = YES;
				GCC_WARN_UNINITIALIZED_AUTOS = YES_AGGRESSIVE;
				GCC_WARN_UNUSED_FUNCTION = YES;
				GCC_WARN_UNUSED_VARIABLE = YES;
				IPHONEOS_DEPLOYMENT_TARGET = 11.1;
				MTL_ENABLE_DEBUG_INFO = NO;
				SDKROOT = iphoneos;
				SWIFT_OPTIMIZATION_LEVEL = "-Owholemodule";
				VALIDATE_PRODUCT = YES;
			};
			name = Release;
		};
		CCEC67741FB18C3B004CC6C5 /* Debug */ = {
			isa = XCBuildConfiguration;
			baseConfigurationReference = 536A87918365D6CC5EF0ADF5 /* Pods-wallet-ios-core.debug.xcconfig */;
			buildSettings = {
				ASSETCATALOG_COMPILER_APPICON_NAME = AppIcon;
				CODE_SIGN_STYLE = Automatic;
				DEVELOPMENT_TEAM = U454HJU5J4;
				INFOPLIST_FILE = "wallet-ios-core/Info.plist";
				IPHONEOS_DEPLOYMENT_TARGET = 10.0;
				LD_RUNPATH_SEARCH_PATHS = "$(inherited) @executable_path/Frameworks";
				PRODUCT_BUNDLE_IDENTIFIER = "org.bitbill.wallet-ios-core";
				PRODUCT_NAME = "$(TARGET_NAME)";
				SWIFT_VERSION = 4.0;
				TARGETED_DEVICE_FAMILY = "1,2";
			};
			name = Debug;
		};
		CCEC67751FB18C3B004CC6C5 /* Release */ = {
			isa = XCBuildConfiguration;
			baseConfigurationReference = D2BEE8AF9C1E6B3732497728 /* Pods-wallet-ios-core.release.xcconfig */;
			buildSettings = {
				ASSETCATALOG_COMPILER_APPICON_NAME = AppIcon;
				CODE_SIGN_STYLE = Automatic;
				DEVELOPMENT_TEAM = U454HJU5J4;
				INFOPLIST_FILE = "wallet-ios-core/Info.plist";
				IPHONEOS_DEPLOYMENT_TARGET = 10.0;
				LD_RUNPATH_SEARCH_PATHS = "$(inherited) @executable_path/Frameworks";
				PRODUCT_BUNDLE_IDENTIFIER = "org.bitbill.wallet-ios-core";
				PRODUCT_NAME = "$(TARGET_NAME)";
				SWIFT_VERSION = 4.0;
				TARGETED_DEVICE_FAMILY = "1,2";
			};
			name = Release;
		};
		CCEC67771FB18C3B004CC6C5 /* Debug */ = {
			isa = XCBuildConfiguration;
			baseConfigurationReference = 6EA45AA89FC29119CDF416C1 /* Pods-wallet-ios-coreTests.debug.xcconfig */;
			buildSettings = {
				ALWAYS_EMBED_SWIFT_STANDARD_LIBRARIES = YES;
				BUNDLE_LOADER = "$(TEST_HOST)";
				CODE_SIGN_STYLE = Automatic;
				DEVELOPMENT_TEAM = U454HJU5J4;
				INFOPLIST_FILE = "wallet-ios-coreTests/Info.plist";
				LD_RUNPATH_SEARCH_PATHS = "$(inherited) @executable_path/Frameworks @loader_path/Frameworks";
				PRODUCT_BUNDLE_IDENTIFIER = "org.bitbill.wallet-ios-coreTests";
				PRODUCT_NAME = "$(TARGET_NAME)";
				SWIFT_VERSION = 4.0;
				TARGETED_DEVICE_FAMILY = "1,2";
				TEST_HOST = "$(BUILT_PRODUCTS_DIR)/wallet-ios-core.app/wallet-ios-core";
			};
			name = Debug;
		};
		CCEC67781FB18C3B004CC6C5 /* Release */ = {
			isa = XCBuildConfiguration;
			baseConfigurationReference = F76E2A6321F53623A11A5D44 /* Pods-wallet-ios-coreTests.release.xcconfig */;
			buildSettings = {
				ALWAYS_EMBED_SWIFT_STANDARD_LIBRARIES = YES;
				BUNDLE_LOADER = "$(TEST_HOST)";
				CODE_SIGN_STYLE = Automatic;
				DEVELOPMENT_TEAM = U454HJU5J4;
				INFOPLIST_FILE = "wallet-ios-coreTests/Info.plist";
				LD_RUNPATH_SEARCH_PATHS = "$(inherited) @executable_path/Frameworks @loader_path/Frameworks";
				PRODUCT_BUNDLE_IDENTIFIER = "org.bitbill.wallet-ios-coreTests";
				PRODUCT_NAME = "$(TARGET_NAME)";
				SWIFT_VERSION = 4.0;
				TARGETED_DEVICE_FAMILY = "1,2";
				TEST_HOST = "$(BUILT_PRODUCTS_DIR)/wallet-ios-core.app/wallet-ios-core";
			};
			name = Release;
		};
/* End XCBuildConfiguration section */

/* Begin XCConfigurationList section */
		CCEC674F1FB18C3A004CC6C5 /* Build configuration list for PBXProject "wallet-ios-core" */ = {
			isa = XCConfigurationList;
			buildConfigurations = (
				CCEC67711FB18C3B004CC6C5 /* Debug */,
				CCEC67721FB18C3B004CC6C5 /* Release */,
			);
			defaultConfigurationIsVisible = 0;
			defaultConfigurationName = Release;
		};
		CCEC67731FB18C3B004CC6C5 /* Build configuration list for PBXNativeTarget "wallet-ios-core" */ = {
			isa = XCConfigurationList;
			buildConfigurations = (
				CCEC67741FB18C3B004CC6C5 /* Debug */,
				CCEC67751FB18C3B004CC6C5 /* Release */,
			);
			defaultConfigurationIsVisible = 0;
			defaultConfigurationName = Release;
		};
		CCEC67761FB18C3B004CC6C5 /* Build configuration list for PBXNativeTarget "wallet-ios-coreTests" */ = {
			isa = XCConfigurationList;
			buildConfigurations = (
				CCEC67771FB18C3B004CC6C5 /* Debug */,
				CCEC67781FB18C3B004CC6C5 /* Release */,
			);
			defaultConfigurationIsVisible = 0;
			defaultConfigurationName = Release;
		};
/* End XCConfigurationList section */

/* Begin XCVersionGroup section */
		CC94E05C1FBAC2B20098E730 /* WalletModel.xcdatamodeld */ = {
			isa = XCVersionGroup;
			children = (
				CC94E05D1FBAC2B20098E730 /* WalletModel.xcdatamodel */,
			);
			currentVersion = CC94E05D1FBAC2B20098E730 /* WalletModel.xcdatamodel */;
			path = WalletModel.xcdatamodeld;
			sourceTree = "<group>";
			versionGroupType = wrapper.xcdatamodel;
		};
/* End XCVersionGroup section */
	};
	rootObject = CCEC674C1FB18C3A004CC6C5 /* Project object */;
}
